
Microsoft Visual Studio Solution File, Format Version 12.00
# Visual Studio 15
Project("{FAE04EC0-301F-11D3-BF4B-00C04F79EFBC}") = "Exemplos-Padroes-Projeto", "Exemplos-Padroes-Projeto\Exemplos-Padroes-Projeto.csproj", "{FBB81CFA-1824-4F20-A413-B2E072519A15}"
EndProject
Project("{FAE04EC0-301F-11D3-BF4B-00C04F79EFBC}") = "Exemplos-Padroes-Projeto-Teste", "Exemplos-Padroes-Projeto-Teste\Exemplos-Padroes-Projeto-Teste.csproj", "{9C11D36F-1DF4-4CA1-AD39-12C9FBCD11E0}"
EndProject
Global
	GlobalSection(SolutionConfigurationPlatforms) = preSolution
		Debug|Any CPU = Debug|Any CPU
		Release|Any CPU = Release|Any CPU
	EndGlobalSection
	GlobalSection(ProjectConfigurationPlatforms) = postSolution
		{FBB81CFA-1824-4F20-A413-B2E072519A15}.Debug|Any CPU.ActiveCfg = Debug|Any CPU
		{FBB81CFA-1824-4F20-A413-B2E072519A15}.Debug|Any CPU.Build.0 = Debug|Any CPU
		{FBB81CFA-1824-4F20-A413-B2E072519A15}.Release|Any CPU.ActiveCfg = Release|Any CPU
		{FBB81CFA-1824-4F20-A413-B2E072519A15}.Release|Any CPU.Build.0 = Release|Any CPU
		{9C11D36F-1DF4-4CA1-AD39-12C9FBCD11E0}.Debug|Any CPU.ActiveCfg = Debug|Any CPU
		{9C11D36F-1DF4-4CA1-AD39-12C9FBCD11E0}.Debug|Any CPU.Build.0 = Debug|Any CPU
		{9C11D36F-1DF4-4CA1-AD39-12C9FBCD11E0}.Release|Any CPU.ActiveCfg = Release|Any CPU
		{9C11D36F-1DF4-4CA1-AD39-12C9FBCD11E0}.Release|Any CPU.Build.0 = Release|Any CPU
	EndGlobalSection
EndGlobal
